
Microsoft Visual Studio Solution File, Format Version 12.00
# Visual Studio Version 17
VisualStudioVersion = 17.3.32901.215
MinimumVisualStudioVersion = 10.0.40219.1
Project("{9A19103F-16F7-4668-BE54-9A1E7A4F7556}") = "MaintSoft", "MaintSoft\MaintSoft.csproj", "{F77D5B99-64ED-4526-8980-36F2C2C45F89}"
EndProject
Project("{9A19103F-16F7-4668-BE54-9A1E7A4F7556}") = "MaintSoft.Infrastructure", "MaintSoft.Infrastructure\MaintSoft.Infrastructure.csproj", "{89239256-E6DF-4A28-B4E3-06328C23FED5}"
EndProject
Project("{9A19103F-16F7-4668-BE54-9A1E7A4F7556}") = "MaintSoft.Core", "MaintSoft.Core\MaintSoft.Core.csproj", "{8EA1A9C2-C9D7-4B01-83CA-D4E1A9D73A18}"
EndProject
Project("{FAE04EC0-301F-11D3-BF4B-00C04F79EFBC}") = "MaintSoft.Test", "MaintSoft.Test\MaintSoft.Test.csproj", "{68AE9C13-C3E5-494B-93AD-6E1F094F5B57}"
EndProject
Global
	GlobalSection(SolutionConfigurationPlatforms) = preSolution
		Debug|Any CPU = Debug|Any CPU
		Release|Any CPU = Release|Any CPU
	EndGlobalSection
	GlobalSection(ProjectConfigurationPlatforms) = postSolution
		{F77D5B99-64ED-4526-8980-36F2C2C45F89}.Debug|Any CPU.ActiveCfg = Debug|Any CPU
		{F77D5B99-64ED-4526-8980-36F2C2C45F89}.Debug|Any CPU.Build.0 = Debug|Any CPU
		{F77D5B99-64ED-4526-8980-36F2C2C45F89}.Release|Any CPU.ActiveCfg = Release|Any CPU
		{F77D5B99-64ED-4526-8980-36F2C2C45F89}.Release|Any CPU.Build.0 = Release|Any CPU
		{89239256-E6DF-4A28-B4E3-06328C23FED5}.Debug|Any CPU.ActiveCfg = Debug|Any CPU
		{89239256-E6DF-4A28-B4E3-06328C23FED5}.Debug|Any CPU.Build.0 = Debug|Any CPU
		{89239256-E6DF-4A28-B4E3-06328C23FED5}.Release|Any CPU.ActiveCfg = Release|Any CPU
		{89239256-E6DF-4A28-B4E3-06328C23FED5}.Release|Any CPU.Build.0 = Release|Any CPU
		{8EA1A9C2-C9D7-4B01-83CA-D4E1A9D73A18}.Debug|Any CPU.ActiveCfg = Debug|Any CPU
		{8EA1A9C2-C9D7-4B01-83CA-D4E1A9D73A18}.Debug|Any CPU.Build.0 = Debug|Any CPU
		{8EA1A9C2-C9D7-4B01-83CA-D4E1A9D73A18}.Release|Any CPU.ActiveCfg = Release|Any CPU
		{8EA1A9C2-C9D7-4B01-83CA-D4E1A9D73A18}.Release|Any CPU.Build.0 = Release|Any CPU
		{68AE9C13-C3E5-494B-93AD-6E1F094F5B57}.Debug|Any CPU.ActiveCfg = Debug|Any CPU
		{68AE9C13-C3E5-494B-93AD-6E1F094F5B57}.Debug|Any CPU.Build.0 = Debug|Any CPU
		{68AE9C13-C3E5-494B-93AD-6E1F094F5B57}.Release|Any CPU.ActiveCfg = Release|Any CPU
		{68AE9C13-C3E5-494B-93AD-6E1F094F5B57}.Release|Any CPU.Build.0 = Release|Any CPU
	EndGlobalSection
	GlobalSection(SolutionProperties) = preSolution
		HideSolutionNode = FALSE
	EndGlobalSection
	GlobalSection(ExtensibilityGlobals) = postSolution
		SolutionGuid = {C39F9D6A-3434-4BC6-B5DB-C33F8C443837}
	EndGlobalSection
EndGlobal
